
Microsoft Visual Studio Solution File, Format Version 12.00
# Visual Studio 15
VisualStudioVersion = 15.0.28307.329
MinimumVisualStudioVersion = 10.0.40219.1
Project("{2150E333-8FDC-42A3-9474-1A3956D46DE8}") = "Microservices", "Microservices", "{AEF5BB57-D764-4369-8F14-9B9458AE4A6A}"
EndProject
Project("{2150E333-8FDC-42A3-9474-1A3956D46DE8}") = "Domain", "Domain", "{AAB63E01-B16B-42D0-A6BD-93A4DD582190}"
EndProject
Project("{2150E333-8FDC-42A3-9474-1A3956D46DE8}") = "Infra.Bus", "Infra.Bus", "{EB5132A9-BBFF-4084-95FF-CA837496D841}"
EndProject
Project("{2150E333-8FDC-42A3-9474-1A3956D46DE8}") = "Infra.Ioc", "Infra.Ioc", "{875E6447-FB10-4FC6-946E-26CB0017ED09}"
EndProject
Project("{2150E333-8FDC-42A3-9474-1A3956D46DE8}") = "Presentation", "Presentation", "{51244246-B9B7-4285-86C4-E275796EB338}"
EndProject
Project("{FAE04EC0-301F-11D3-BF4B-00C04F79EFBC}") = "MicroRabbit.Domain.Core", "MicroRabbit.Domain.Core\MicroRabbit.Domain.Core.csproj", "{4D30631A-3970-4921-BF63-B064A7242726}"
EndProject
Project("{FAE04EC0-301F-11D3-BF4B-00C04F79EFBC}") = "MicroRabbit.Infra.Bus", "MicroRabbit.Infra.Bus\MicroRabbit.Infra.Bus.csproj", "{64119FF8-BF44-4118-8568-3D0998712728}"
EndProject
Global
	GlobalSection(SolutionConfigurationPlatforms) = preSolution
		Debug|Any CPU = Debug|Any CPU
		Release|Any CPU = Release|Any CPU
	EndGlobalSection
	GlobalSection(ProjectConfigurationPlatforms) = postSolution
		{4D30631A-3970-4921-BF63-B064A7242726}.Debug|Any CPU.ActiveCfg = Debug|Any CPU
		{4D30631A-3970-4921-BF63-B064A7242726}.Debug|Any CPU.Build.0 = Debug|Any CPU
		{4D30631A-3970-4921-BF63-B064A7242726}.Release|Any CPU.ActiveCfg = Release|Any CPU
		{4D30631A-3970-4921-BF63-B064A7242726}.Release|Any CPU.Build.0 = Release|Any CPU
		{64119FF8-BF44-4118-8568-3D0998712728}.Debug|Any CPU.ActiveCfg = Debug|Any CPU
		{64119FF8-BF44-4118-8568-3D0998712728}.Debug|Any CPU.Build.0 = Debug|Any CPU
		{64119FF8-BF44-4118-8568-3D0998712728}.Release|Any CPU.ActiveCfg = Release|Any CPU
		{64119FF8-BF44-4118-8568-3D0998712728}.Release|Any CPU.Build.0 = Release|Any CPU
	EndGlobalSection
	GlobalSection(SolutionProperties) = preSolution
		HideSolutionNode = FALSE
	EndGlobalSection
	GlobalSection(NestedProjects) = preSolution
		{4D30631A-3970-4921-BF63-B064A7242726} = {AAB63E01-B16B-42D0-A6BD-93A4DD582190}
		{64119FF8-BF44-4118-8568-3D0998712728} = {EB5132A9-BBFF-4084-95FF-CA837496D841}
	EndGlobalSection
	GlobalSection(ExtensibilityGlobals) = postSolution
		SolutionGuid = {04B720BA-34C0-4B25-B03E-6BEB82582A63}
	EndGlobalSection
EndGlobal
